
Microsoft Visual Studio Solution File, Format Version 12.00
# Visual Studio Version 16
VisualStudioVersion = 16.0.31624.102
MinimumVisualStudioVersion = 10.0.40219.1
Project("{8BC9CEB8-8B4A-11D0-8D11-00A0C91BC942}") = "ProcessManagement", "ProcessManagement\ProcessManagement.vcxproj", "{1B38FA53-75AB-4C06-B3A7-5EC289411641}"
EndProject
Project("{8BC9CEB8-8B4A-11D0-8D11-00A0C91BC942}") = "GPS", "GPS\GPS.vcxproj", "{5977EF52-12F8-44F2-A808-365023CA62FC}"
EndProject
Project("{8BC9CEB8-8B4A-11D0-8D11-00A0C91BC942}") = "Camera", "Camera\Camera.vcxproj", "{D1F5E1BC-D83F-4256-A493-666123A35254}"
EndProject
Project("{8BC9CEB8-8B4A-11D0-8D11-00A0C91BC942}") = "Display", "Display\Display.vcxproj", "{9CA13AA3-BCCC-4538-AE6D-4C1B80A1D9EA}"
EndProject
Project("{8BC9CEB8-8B4A-11D0-8D11-00A0C91BC942}") = "Laser", "Laser\Laser.vcxproj", "{0E811F20-0EDA-4EF6-BDF8-DE416D81DFFE}"
EndProject
Project("{8BC9CEB8-8B4A-11D0-8D11-00A0C91BC942}") = "Vehicle", "Vehicle\Vehicle.vcxproj", "{7311722D-6B3E-4E41-A0C0-E27D9ECEEF8B}"
EndProject
Global
	GlobalSection(SolutionConfigurationPlatforms) = preSolution
		Debug|x64 = Debug|x64
		Debug|x86 = Debug|x86
		Release|x64 = Release|x64
		Release|x86 = Release|x86
	EndGlobalSection
	GlobalSection(ProjectConfigurationPlatforms) = postSolution
		{1B38FA53-75AB-4C06-B3A7-5EC289411641}.Debug|x64.ActiveCfg = Debug|x64
		{1B38FA53-75AB-4C06-B3A7-5EC289411641}.Debug|x64.Build.0 = Debug|x64
		{1B38FA53-75AB-4C06-B3A7-5EC289411641}.Debug|x86.ActiveCfg = Debug|x64
		{1B38FA53-75AB-4C06-B3A7-5EC289411641}.Debug|x86.Build.0 = Debug|x64
		{1B38FA53-75AB-4C06-B3A7-5EC289411641}.Release|x64.ActiveCfg = Release|x64
		{1B38FA53-75AB-4C06-B3A7-5EC289411641}.Release|x64.Build.0 = Release|x64
		{1B38FA53-75AB-4C06-B3A7-5EC289411641}.Release|x86.ActiveCfg = Release|Win32
		{1B38FA53-75AB-4C06-B3A7-5EC289411641}.Release|x86.Build.0 = Release|Win32
		{5977EF52-12F8-44F2-A808-365023CA62FC}.Debug|x64.ActiveCfg = Debug|x64
		{5977EF52-12F8-44F2-A808-365023CA62FC}.Debug|x64.Build.0 = Debug|x64
		{5977EF52-12F8-44F2-A808-365023CA62FC}.Debug|x86.ActiveCfg = Debug|x64
		{5977EF52-12F8-44F2-A808-365023CA62FC}.Debug|x86.Build.0 = Debug|x64
		{5977EF52-12F8-44F2-A808-365023CA62FC}.Release|x64.ActiveCfg = Release|x64
		{5977EF52-12F8-44F2-A808-365023CA62FC}.Release|x64.Build.0 = Release|x64
		{5977EF52-12F8-44F2-A808-365023CA62FC}.Release|x86.ActiveCfg = Release|Win32
		{5977EF52-12F8-44F2-A808-365023CA62FC}.Release|x86.Build.0 = Release|Win32
		{D1F5E1BC-D83F-4256-A493-666123A35254}.Debug|x64.ActiveCfg = Debug|x64
		{D1F5E1BC-D83F-4256-A493-666123A35254}.Debug|x64.Build.0 = Debug|x64
		{D1F5E1BC-D83F-4256-A493-666123A35254}.Debug|x86.ActiveCfg = Release|Win32
		{D1F5E1BC-D83F-4256-A493-666123A35254}.Debug|x86.Build.0 = Release|Win32
		{D1F5E1BC-D83F-4256-A493-666123A35254}.Release|x64.ActiveCfg = Release|x64
		{D1F5E1BC-D83F-4256-A493-666123A35254}.Release|x64.Build.0 = Release|x64
		{D1F5E1BC-D83F-4256-A493-666123A35254}.Release|x86.ActiveCfg = Release|Win32
		{D1F5E1BC-D83F-4256-A493-666123A35254}.Release|x86.Build.0 = Release|Win32
		{9CA13AA3-BCCC-4538-AE6D-4C1B80A1D9EA}.Debug|x64.ActiveCfg = Debug|x64
		{9CA13AA3-BCCC-4538-AE6D-4C1B80A1D9EA}.Debug|x64.Build.0 = Debug|x64
		{9CA13AA3-BCCC-4538-AE6D-4C1B80A1D9EA}.Debug|x86.ActiveCfg = Debug|Win32
		{9CA13AA3-BCCC-4538-AE6D-4C1B80A1D9EA}.Debug|x86.Build.0 = Debug|Win32
		{9CA13AA3-BCCC-4538-AE6D-4C1B80A1D9EA}.Release|x64.ActiveCfg = Release|x64
		{9CA13AA3-BCCC-4538-AE6D-4C1B80A1D9EA}.Release|x64.Build.0 = Release|x64
		{9CA13AA3-BCCC-4538-AE6D-4C1B80A1D9EA}.Release|x86.ActiveCfg = Release|Win32
		{9CA13AA3-BCCC-4538-AE6D-4C1B80A1D9EA}.Release|x86.Build.0 = Release|Win32
		{0E811F20-0EDA-4EF6-BDF8-DE416D81DFFE}.Debug|x64.ActiveCfg = Debug|x64
		{0E811F20-0EDA-4EF6-BDF8-DE416D81DFFE}.Debug|x64.Build.0 = Debug|x64
		{0E811F20-0EDA-4EF6-BDF8-DE416D81DFFE}.Debug|x86.ActiveCfg = Debug|x64
		{0E811F20-0EDA-4EF6-BDF8-DE416D81DFFE}.Debug|x86.Build.0 = Debug|x64
		{0E811F20-0EDA-4EF6-BDF8-DE416D81DFFE}.Release|x64.ActiveCfg = Release|x64
		{0E811F20-0EDA-4EF6-BDF8-DE416D81DFFE}.Release|x64.Build.0 = Release|x64
		{0E811F20-0EDA-4EF6-BDF8-DE416D81DFFE}.Release|x86.ActiveCfg = Release|Win32
		{0E811F20-0EDA-4EF6-BDF8-DE416D81DFFE}.Release|x86.Build.0 = Release|Win32
		{7311722D-6B3E-4E41-A0C0-E27D9ECEEF8B}.Debug|x64.ActiveCfg = Debug|x64
		{7311722D-6B3E-4E41-A0C0-E27D9ECEEF8B}.Debug|x64.Build.0 = Debug|x64
		{7311722D-6B3E-4E41-A0C0-E27D9ECEEF8B}.Debug|x86.ActiveCfg = Debug|x64
		{7311722D-6B3E-4E41-A0C0-E27D9ECEEF8B}.Debug|x86.Build.0 = Debug|x64
		{7311722D-6B3E-4E41-A0C0-E27D9ECEEF8B}.Release|x64.ActiveCfg = Release|x64
		{7311722D-6B3E-4E41-A0C0-E27D9ECEEF8B}.Release|x64.Build.0 = Release|x64
		{7311722D-6B3E-4E41-A0C0-E27D9ECEEF8B}.Release|x86.ActiveCfg = Release|Win32
		{7311722D-6B3E-4E41-A0C0-E27D9ECEEF8B}.Release|x86.Build.0 = Release|Win32
	EndGlobalSection
	GlobalSection(SolutionProperties) = preSolution
		HideSolutionNode = FALSE
	EndGlobalSection
	GlobalSection(ExtensibilityGlobals) = postSolution
		SolutionGuid = {09407E2D-24B7-47E6-9ACB-1CF91D64C7D1}
	EndGlobalSection
EndGlobal
